// !$*UTF8*$!
{
	archiveVersion = 1;
	classes = {
	};
	objectVersion = 50;
	objects = {

/* Begin PBXBuildFile section */
		D009BB82216C448300C21F25 /* Shaders.metal in Sources */ = {isa = PBXBuildFile; fileRef = D009BB81216C448300C21F25 /* Shaders.metal */; };
		D0B92CF4216A9D910059694F /* AppDelegate.swift in Sources */ = {isa = PBXBuildFile; fileRef = D0B92CF3216A9D910059694F /* AppDelegate.swift */; };
		D0B92CF6216A9D910059694F /* MetalViewController.swift in Sources */ = {isa = PBXBuildFile; fileRef = D0B92CF5216A9D910059694F /* MetalViewController.swift */; };
		D0B92CF9216A9D910059694F /* Main.storyboard in Resources */ = {isa = PBXBuildFile; fileRef = D0B92CF7216A9D910059694F /* Main.storyboard */; };
		D0B92CFB216A9D920059694F /* Assets.xcassets in Resources */ = {isa = PBXBuildFile; fileRef = D0B92CFA216A9D920059694F /* Assets.xcassets */; };
		D0B92CFE216A9D920059694F /* LaunchScreen.storyboard in Resources */ = {isa = PBXBuildFile; fileRef = D0B92CFC216A9D920059694F /* LaunchScreen.storyboard */; };
		D0B92D06216A9E730059694F /* Renderer.swift in Sources */ = {isa = PBXBuildFile; fileRef = D0B92D05216A9E730059694F /* Renderer.swift */; };
/* End PBXBuildFile section */

/* Begin PBXFileReference section */
		8AB5AF41216E839A00B80F03 /* Bridging-Header.h */ = {isa = PBXFileReference; lastKnownFileType = sourcecode.c.h; path = "Bridging-Header.h"; sourceTree = "<group>"; };
		D009BB81216C448300C21F25 /* Shaders.metal */ = {isa = PBXFileReference; lastKnownFileType = sourcecode.metal; path = Shaders.metal; sourceTree = "<group>"; };
		D0B92CF0216A9D910059694F /* HelloTriangleSwift.app */ = {isa = PBXFileReference; explicitFileType = wrapper.application; includeInIndex = 0; path = HelloTriangleSwift.app; sourceTree = BUILT_PRODUCTS_DIR; };
		D0B92CF3216A9D910059694F /* AppDelegate.swift */ = {isa = PBXFileReference; lastKnownFileType = sourcecode.swift; path = AppDelegate.swift; sourceTree = "<group>"; };
		D0B92CF5216A9D910059694F /* MetalViewController.swift */ = {isa = PBXFileReference; lastKnownFileType = sourcecode.swift; path = MetalViewController.swift; sourceTree = "<group>"; };
		D0B92CF8216A9D910059694F /* Base */ = {isa = PBXFileReference; lastKnownFileType = file.storyboard; name = Base; path = Base.lproj/Main.storyboard; sourceTree = "<group>"; };
		D0B92CFA216A9D920059694F /* Assets.xcassets */ = {isa = PBXFileReference; lastKnownFileType = folder.assetcatalog; path = Assets.xcassets; sourceTree = "<group>"; };
		D0B92CFD216A9D920059694F /* Base */ = {isa = PBXFileReference; lastKnownFileType = file.storyboard; name = Base; path = Base.lproj/LaunchScreen.storyboard; sourceTree = "<group>"; };
		D0B92CFF216A9D920059694F /* Info.plist */ = {isa = PBXFileReference; lastKnownFileType = text.plist.xml; path = Info.plist; sourceTree = "<group>"; };
		D0B92D05216A9E730059694F /* Renderer.swift */ = {isa = PBXFileReference; lastKnownFileType = sourcecode.swift; path = Renderer.swift; sourceTree = "<group>"; };
		D0B92D2A216AA8810059694F /* ShaderTypes.h */ = {isa = PBXFileReference; lastKnownFileType = sourcecode.c.h; path = ShaderTypes.h; sourceTree = "<group>"; };
/* End PBXFileReference section */

/* Begin PBXFrameworksBuildPhase section */
		D0B92CED216A9D910059694F /* Frameworks */ = {
			isa = PBXFrameworksBuildPhase;
			buildActionMask = 2147483647;
			files = (
			);
			runOnlyForDeploymentPostprocessing = 0;
		};
/* End PBXFrameworksBuildPhase section */

/* Begin PBXGroup section */
		D0B92CE7216A9D910059694F = {
			isa = PBXGroup;
			children = (
				D0B92CF2216A9D910059694F /* HelloTriangleSwift */,
				D0B92CF1216A9D910059694F /* Products */,
			);
			sourceTree = "<group>";
		};
		D0B92CF1216A9D910059694F /* Products */ = {
			isa = PBXGroup;
			children = (
				D0B92CF0216A9D910059694F /* HelloTriangleSwift.app */,
			);
			name = Products;
			sourceTree = "<group>";
		};
		D0B92CF2216A9D910059694F /* HelloTriangleSwift */ = {
			isa = PBXGroup;
			children = (
				D0B92CF3216A9D910059694F /* AppDelegate.swift */,
				D0B92CF5216A9D910059694F /* MetalViewController.swift */,
				D0B92D05216A9E730059694F /* Renderer.swift */,
				8AB5AF41216E839A00B80F03 /* Bridging-Header.h */,
				D009BB81216C448300C21F25 /* Shaders.metal */,
				D0B92CF7216A9D910059694F /* Main.storyboard */,
				D0B92D2A216AA8810059694F /* ShaderTypes.h */,
				D0B92CFA216A9D920059694F /* Assets.xcassets */,
				D0B92CFC216A9D920059694F /* LaunchScreen.storyboard */,
				D0B92CFF216A9D920059694F /* Info.plist */,
			);
			path = HelloTriangleSwift;
			sourceTree = "<group>";
		};
/* End PBXGroup section */

/* Begin PBXNativeTarget section */
		D0B92CEF216A9D910059694F /* HelloTriangleSwift */ = {
			isa = PBXNativeTarget;
			buildConfigurationList = D0B92D02216A9D920059694F /* Build configuration list for PBXNativeTarget "HelloTriangleSwift" */;
			buildPhases = (
				D0B92CEC216A9D910059694F /* Sources */,
				D0B92CED216A9D910059694F /* Frameworks */,
				D0B92CEE216A9D910059694F /* Resources */,
			);
			buildRules = (
			);
			dependencies = (
			);
			name = HelloTriangleSwift;
			productName = HelloMetal;
			productReference = D0B92CF0216A9D910059694F /* HelloTriangleSwift.app */;
			productType = "com.apple.product-type.application";
		};
/* End PBXNativeTarget section */

/* Begin PBXProject section */
		D0B92CE8216A9D910059694F /* Project object */ = {
			isa = PBXProject;
			attributes = {
				LastSwiftUpdateCheck = 1000;
				LastUpgradeCheck = 1000;
				ORGANIZATIONNAME = com.peteredmonston;
				TargetAttributes = {
					D0B92CEF216A9D910059694F = {
						CreatedOnToolsVersion = 10.0;
					};
				};
			};
			buildConfigurationList = D0B92CEB216A9D910059694F /* Build configuration list for PBXProject "HelloTriangleSwift" */;
			compatibilityVersion = "Xcode 9.3";
			developmentRegion = en;
			hasScannedForEncodings = 0;
			knownRegions = (
				en,
				Base,
			);
			mainGroup = D0B92CE7216A9D910059694F;
			productRefGroup = D0B92CF1216A9D910059694F /* Products */;
			projectDirPath = "";
			projectRoot = "";
			targets = (
				D0B92CEF216A9D910059694F /* HelloTriangleSwift */,
			);
		};
/* End PBXProject section */

/* Begin PBXResourcesBuildPhase section */
		D0B92CEE216A9D910059694F /* Resources */ = {
			isa = PBXResourcesBuildPhase;
			buildActionMask = 2147483647;
			files = (
				D0B92CFE216A9D920059694F /* LaunchScreen.storyboard in Resources */,
				D0B92CFB216A9D920059694F /* Assets.xcassets in Resources */,
				D0B92CF9216A9D910059694F /* Main.storyboard in Resources */,
			);
			runOnlyForDeploymentPostprocessing = 0;
		};
/* End PBXResourcesBuildPhase section */

/* Begin PBXSourcesBuildPhase section */
		D0B92CEC216A9D910059694F /* Sources */ = {
			isa = PBXSourcesBuildPhase;
			buildActionMask = 2147483647;
			files = (
				D009BB82216C448300C21F25 /* Shaders.metal in Sources */,
				D0B92CF6216A9D910059694F /* MetalViewController.swift in Sources */,
				D0B92D06216A9E730059694F /* Renderer.swift in Sources */,
				D0B92CF4216A9D910059694F /* AppDelegate.swift in Sources */,
			);
			runOnlyForDeploymentPostprocessing = 0;
		};
/* End PBXSourcesBuildPhase section */

/* Begin PBXVariantGroup section */
		D0B92CF7216A9D910059694F /* Main.storyboard */ = {
			isa = PBXVariantGroup;
			children = (
				D0B92CF8216A9D910059694F /* Base */,
			);
			name = Main.storyboard;
			sourceTree = "<group>";
		};
		D0B92CFC216A9D920059694F /* LaunchScreen.storyboard */ = {
			isa = PBXVariantGroup;
			children = (
				D0B92CFD216A9D920059694F /* Base */,
			);
			name = LaunchScreen.storyboard;
			sourceTree = "<group>";
		};
/* End PBXVariantGroup section */

/* Begin XCBuildConfiguration section */
		D0B92D00216A9D920059694F /* Debug */ = {
			isa = XCBuildConfiguration;
			buildSettings = {
				ALWAYS_SEARCH_USER_PATHS = NO;
				CLANG_ANALYZER_NONNULL = YES;
				CLANG_ANALYZER_NUMBER_OBJECT_CONVERSION = YES_AGGRESSIVE;
				CLANG_CXX_LANGUAGE_STANDARD = "gnu++14";
				CLANG_CXX_LIBRARY = "libc++";
				CLANG_ENABLE_MODULES = YES;
				CLANG_ENABLE_OBJC_ARC = YES;
				CLANG_ENABLE_OBJC_WEAK = YES;
				CLANG_WARN_BLOCK_CAPTURE_AUTORELEASING = YES;
				CLANG_WARN_BOOL_CONVERSION = YES;
				CLANG_WARN_COMMA = YES;
				CLANG_WARN_CONSTANT_CONVERSION = YES;
				CLANG_WARN_DEPRECATED_OBJC_IMPLEMENTATIONS = YES;
				CLANG_WARN_DIRECT_OBJC_ISA_USAGE = YES_ERROR;
				CLANG_WARN_DOCUMENTATION_COMMENTS = YES;
				CLANG_WARN_EMPTY_BODY = YES;
				CLANG_WARN_ENUM_CONVERSION = YES;
				CLANG_WARN_INFINITE_RECURSION = YES;
				CLANG_WARN_INT_CONVERSION = YES;
				CLANG_WARN_NON_LITERAL_NULL_CONVERSION = YES;
				CLANG_WARN_OBJC_IMPLICIT_RETAIN_SELF = YES;
				CLANG_WARN_OBJC_LITERAL_CONVERSION = YES;
				CLANG_WARN_OBJC_ROOT_CLASS = YES_ERROR;
				CLANG_WARN_RANGE_LOOP_ANALYSIS = YES;
				CLANG_WARN_STRICT_PROTOTYPES = YES;
				CLANG_WARN_SUSPICIOUS_MOVE = YES;
				CLANG_WARN_UNGUARDED_AVAILABILITY = YES_AGGRESSIVE;
				CLANG_WARN_UNREACHABLE_CODE = YES;
				CLANG_WARN__DUPLICATE_METHOD_MATCH = YES;
				CODE_SIGN_IDENTITY = "iPhone Developer";
				COPY_PHASE_STRIP = NO;
				DEBUG_INFORMATION_FORMAT = dwarf;
				ENABLE_STRICT_OBJC_MSGSEND = YES;
				ENABLE_TESTABILITY = YES;
				GCC_C_LANGUAGE_STANDARD = gnu11;
				GCC_DYNAMIC_NO_PIC = NO;
				GCC_NO_COMMON_BLOCKS = YES;
				GCC_OPTIMIZATION_LEVEL = 0;
				GCC_PREPROCESSOR_DEFINITIONS = (
					"DEBUG=1",
					"$(inherited)",
				);
				GCC_WARN_64_TO_32_BIT_CONVERSION = YES;
				GCC_WARN_ABOUT_RETURN_TYPE = YES_ERROR;
				GCC_WARN_UNDECLARED_SELECTOR = YES;
				GCC_WARN_UNINITIALIZED_AUTOS = YES_AGGRESSIVE;
				GCC_WARN_UNUSED_FUNCTION = YES;
				GCC_WARN_UNUSED_VARIABLE = YES;
				IPHONEOS_DEPLOYMENT_TARGET = 12.0;
				MTL_ENABLE_DEBUG_INFO = INCLUDE_SOURCE;
				MTL_FAST_MATH = YES;
				ONLY_ACTIVE_ARCH = YES;
				SDKROOT = iphoneos;
				SWIFT_ACTIVE_COMPILATION_CONDITIONS = DEBUG;
				SWIFT_OPTIMIZATION_LEVEL = "-Onone";
			};
			name = Debug;
		};
		D0B92D01216A9D920059694F /* Release */ = {
			isa = XCBuildConfiguration;
			buildSettings = {
				ALWAYS_SEARCH_USER_PATHS = NO;
				CLANG_ANALYZER_NONNULL = YES;
				CLANG_ANALYZER_NUMBER_OBJECT_CONVERSION = YES_AGGRESSIVE;
				CLANG_CXX_LANGUAGE_STANDARD = "gnu++14";
				CLANG_CXX_LIBRARY = "libc++";
				CLANG_ENABLE_MODULES = YES;
				CLANG_ENABLE_OBJC_ARC = YES;
				CLANG_ENABLE_OBJC_WEAK = YES;
				CLANG_WARN_BLOCK_CAPTURE_AUTORELEASING = YES;
				CLANG_WARN_BOOL_CONVERSION = YES;
				CLANG_WARN_COMMA = YES;
				CLANG_WARN_CONSTANT_CONVERSION = YES;
				CLANG_WARN_DEPRECATED_OBJC_IMPLEMENTATIONS = YES;
				CLANG_WARN_DIRECT_OBJC_ISA_USAGE = YES_ERROR;
				CLANG_WARN_DOCUMENTATION_COMMENTS = YES;
				CLANG_WARN_EMPTY_BODY = YES;
				CLANG_WARN_ENUM_CONVERSION = YES;
				CLANG_WARN_INFINITE_RECURSION = YES;
				CLANG_WARN_INT_CONVERSION = YES;
				CLANG_WARN_NON_LITERAL_NULL_CONVERSION = YES;
				CLANG_WARN_OBJC_IMPLICIT_RETAIN_SELF = YES;
				CLANG_WARN_OBJC_LITERAL_CONVERSION = YES;
				CLANG_WARN_OBJC_ROOT_CLASS = YES_ERROR;
				CLANG_WARN_RANGE_LOOP_ANALYSIS = YES;
				CLANG_WARN_STRICT_PROTOTYPES = YES;
				CLANG_WARN_SUSPICIOUS_MOVE = YES;
				CLANG_WARN_UNGUARDED_AVAILABILITY = YES_AGGRESSIVE;
				CLANG_WARN_UNREACHABLE_CODE = YES;
				CLANG_WARN__DUPLICATE_METHOD_MATCH = YES;
				CODE_SIGN_IDENTITY = "iPhone Developer";
				COPY_PHASE_STRIP = NO;
				DEBUG_INFORMATION_FORMAT = "dwarf-with-dsym";
				ENABLE_NS_ASSERTIONS = NO;
				ENABLE_STRICT_OBJC_MSGSEND = YES;
				GCC_C_LANGUAGE_STANDARD = gnu11;
				GCC_NO_COMMON_BLOCKS = YES;
				GCC_WARN_64_TO_32_BIT_CONVERSION = YES;
				GCC_WARN_ABOUT_RETURN_TYPE = YES_ERROR;
				GCC_WARN_UNDECLARED_SELECTOR = YES;
				GCC_WARN_UNINITIALIZED_AUTOS = YES_AGGRESSIVE;
				GCC_WARN_UNUSED_FUNCTION = YES;
				GCC_WARN_UNUSED_VARIABLE = YES;
				IPHONEOS_DEPLOYMENT_TARGET = 12.0;
				MTL_ENABLE_DEBUG_INFO = NO;
				MTL_FAST_MATH = YES;
				SDKROOT = iphoneos;
				SWIFT_COMPILATION_MODE = wholemodule;
				SWIFT_OPTIMIZATION_LEVEL = "-O";
				VALIDATE_PRODUCT = YES;
			};
			name = Release;
		};
		D0B92D03216A9D920059694F /* Debug */ = {
			isa = XCBuildConfiguration;
			buildSettings = {
				ASSETCATALOG_COMPILER_APPICON_NAME = AppIcon;
				CODE_SIGN_STYLE = Automatic;
				INFOPLIST_FILE = HelloTriangleSwift/Info.plist;
				IPHONEOS_DEPLOYMENT_TARGET = 12.0;
				LD_RUNPATH_SEARCH_PATHS = (
					"$(inherited)",
					"@executable_path/Frameworks",
				);
				PRODUCT_BUNDLE_IDENTIFIER = com.peteredmonston.HelloTriangleSwift;
				PRODUCT_NAME = "$(TARGET_NAME)";
				SWIFT_OBJC_BRIDGING_HEADER = "HelloTriangleSwift/Bridging-Header.h";
				SWIFT_VERSION = 4.2;
				TARGETED_DEVICE_FAMILY = 1;
			};
			name = Debug;
		};
		D0B92D04216A9D920059694F /* Release */ = {
			isa = XCBuildConfiguration;
			buildSettings = {
				ASSETCATALOG_COMPILER_APPICON_NAME = AppIcon;
				CODE_SIGN_STYLE = Automatic;
				INFOPLIST_FILE = HelloTriangleSwift/Info.plist;
				IPHONEOS_DEPLOYMENT_TARGET = 12.0;
				LD_RUNPATH_SEARCH_PATHS = (
					"$(inherited)",
					"@executable_path/Frameworks",
				);
				PRODUCT_BUNDLE_IDENTIFIER = com.peteredmonston.HelloTriangleSwift;
				PRODUCT_NAME = "$(TARGET_NAME)";
				SWIFT_OBJC_BRIDGING_HEADER = "HelloTriangleSwift/Bridging-Header.h";
				SWIFT_VERSION = 4.2;
				TARGETED_DEVICE_FAMILY = 1;
			};
			name = Release;
		};
/* End XCBuildConfiguration section */

/* Begin XCConfigurationList section */
		D0B92CEB216A9D910059694F /* Build configuration list for PBXProject "HelloTriangleSwift" */ = {
			isa = XCConfigurationList;
			buildConfigurations = (
				D0B92D00216A9D920059694F /* Debug */,
				D0B92D01216A9D920059694F /* Release */,
			);
			defaultConfigurationIsVisible = 0;
			defaultConfigurationName = Release;
		};
		D0B92D02216A9D920059694F /* Build configuration list for PBXNativeTarget "HelloTriangleSwift" */ = {
			isa = XCConfigurationList;
			buildConfigurations = (
				D0B92D03216A9D920059694F /* Debug */,
				D0B92D04216A9D920059694F /* Release */,
			);
			defaultConfigurationIsVisible = 0;
			defaultConfigurationName = Release;
		};
/* End XCConfigurationList section */
	};
	rootObject = D0B92CE8216A9D910059694F /* Project object */;
}
